PODS:
  - CocoaAsyncSocket (7.6.0)
  - CocoaLumberjack (2.4.0):
    - CocoaLumberjack/Default (= 2.4.0)
    - CocoaLumberjack/Extensions (= 2.4.0)
  - CocoaLumberjack/Core (2.4.0)
  - CocoaLumberjack/Default (2.4.0):
    - CocoaLumberjack/Core
  - CocoaLumberjack/Extensions (2.4.0):
    - CocoaLumberjack/Default
  - CPAProxy (1.1.0):
    - CocoaAsyncSocket
  - HexColors (2.3.0)
  - PopoverView (0.0.2)
  - Protobuf (3.1.0)
  - ProxyKit/Client (1.2.0):
    - ProxyKit/common
  - ProxyKit/common (1.2.0):
    - CocoaAsyncSocket (~> 7.6)
    - CocoaLumberjack
  - Reachability (3.2)
  - SQLCipher/common (3.4.1)
  - SQLCipher/fts (3.4.1):
    - SQLCipher/common
  - TSMessages (0.9.13):
    - HexColors (~> 2.3.0)
  - YapDatabase/SQLCipher (2.9.2):
    - YapDatabase/SQLCipher/Core (= 2.9.2)
    - YapDatabase/SQLCipher/Extensions (= 2.9.2)
  - YapDatabase/SQLCipher/Core (2.9.2):
    - CocoaLumberjack (~> 2)
    - SQLCipher/fts
  - YapDatabase/SQLCipher/Extensions (2.9.2):
    - YapDatabase/SQLCipher/Core
    - YapDatabase/SQLCipher/Extensions/ActionManager (= 2.9.2)
    - YapDatabase/SQLCipher/Extensions/CloudKit (= 2.9.2)
    - YapDatabase/SQLCipher/Extensions/ConnectionProxy (= 2.9.2)
    - YapDatabase/SQLCipher/Extensions/CrossProcessNotification (= 2.9.2)
    - YapDatabase/SQLCipher/Extensions/FilteredViews (= 2.9.2)
    - YapDatabase/SQLCipher/Extensions/FullTextSearch (= 2.9.2)
    - YapDatabase/SQLCipher/Extensions/Hooks (= 2.9.2)
    - YapDatabase/SQLCipher/Extensions/Relationships (= 2.9.2)
    - YapDatabase/SQLCipher/Extensions/RTreeIndex (= 2.9.2)
    - YapDatabase/SQLCipher/Extensions/SearchResults (= 2.9.2)
    - YapDatabase/SQLCipher/Extensions/SecondaryIndex (= 2.9.2)
    - YapDatabase/SQLCipher/Extensions/Views (= 2.9.2)
  - YapDatabase/SQLCipher/Extensions/ActionManager (2.9.2):
    - Reachability (~> 3)
    - YapDatabase/SQLCipher/Core
    - YapDatabase/SQLCipher/Extensions/Views
  - YapDatabase/SQLCipher/Extensions/CloudKit (2.9.2):
    - YapDatabase/SQLCipher/Core
  - YapDatabase/SQLCipher/Extensions/ConnectionProxy (2.9.2):
    - YapDatabase/SQLCipher/Core
  - YapDatabase/SQLCipher/Extensions/CrossProcessNotification (2.9.2):
    - YapDatabase/SQLCipher/Core
  - YapDatabase/SQLCipher/Extensions/FilteredViews (2.9.2):
    - YapDatabase/SQLCipher/Core
    - YapDatabase/SQLCipher/Extensions/Views
  - YapDatabase/SQLCipher/Extensions/FullTextSearch (2.9.2):
    - YapDatabase/SQLCipher/Core
  - YapDatabase/SQLCipher/Extensions/Hooks (2.9.2):
    - YapDatabase/SQLCipher/Core
  - YapDatabase/SQLCipher/Extensions/Relationships (2.9.2):
    - YapDatabase/SQLCipher/Core
  - YapDatabase/SQLCipher/Extensions/RTreeIndex (2.9.2):
    - YapDatabase/SQLCipher/Core
  - YapDatabase/SQLCipher/Extensions/SearchResults (2.9.2):
    - YapDatabase/SQLCipher/Core
    - YapDatabase/SQLCipher/Extensions/FullTextSearch
    - YapDatabase/SQLCipher/Extensions/Views
  - YapDatabase/SQLCipher/Extensions/SecondaryIndex (2.9.2):
    - YapDatabase/SQLCipher/Core
  - YapDatabase/SQLCipher/Extensions/Views (2.9.2):
    - YapDatabase/SQLCipher/Core

DEPENDENCIES:
  - CPAProxy (from `https://github.com/rainwolf/CPAProxy.git`)
  - PopoverView
  - Protobuf (= 3.1.0)
  - ProxyKit/Client (from `https://github.com/rainwolf/ProxyKit.git`)
  - TSMessages (from `https://github.com/rainwolf/TSMessages.git`)
  - YapDatabase/SQLCipher

EXTERNAL SOURCES:
  CPAProxy:
    :git: https://github.com/rainwolf/CPAProxy.git
  ProxyKit:
    :git: https://github.com/rainwolf/ProxyKit.git
  TSMessages:
    :git: https://github.com/rainwolf/TSMessages.git

CHECKOUT OPTIONS:
  CPAProxy:
    :commit: 58ace31862f2271783fc7100de3c7952dd6933d4
    :git: https://github.com/rainwolf/CPAProxy.git
  ProxyKit:
    :commit: c3ca05f604cd0a57c1124dcdb2860d4412348f35
    :git: https://github.com/rainwolf/ProxyKit.git
  TSMessages:
    :commit: 6ecb24ffdaf4b3019e2818e95075315cf40d2bf1
    :git: https://github.com/rainwolf/TSMessages.git

SPEC CHECKSUMS:
  CocoaAsyncSocket: b9d5589f07baf9de8f34cc25abd4fcba28f13805
  CocoaLumberjack: aa9dcab71bdf9eaf2a63bbd9ddc87863efe45457
  CPAProxy: 3a23720ca12c0725353a6cd45673fae2b460a98a
  HexColors: 6ad3947c3447a055a3aa8efa859def096351fe5f
  PopoverView: 62e83ffda75944d6cf2de9c6593489f3097dc1a3
  Protobuf: 265e9977d04a83eba9cefb0bed3ad07e41033b4a
  ProxyKit: ae9ed36909d0e68b27087eb3ed5aa35c86f8bff0
  Reachability: 33e18b67625424e47b6cde6d202dce689ad7af96
  SQLCipher: 43d12c0eb9c57fb438749618fc3ce0065509a559
  TSMessages: 6e403b790139636c15ab4f51946537095e03e79c
  YapDatabase: b1e43555a34a5298e23a045be96817a5ef0da58f

PODFILE CHECKSUM: cda46d54ba72ad1034e85ac08136bdfadd8bc973

COCOAPODS: 1.1.1
