PODS:
  - CocoaAsyncSocket (7.6.1)
  - CocoaLumberjack (3.3.0):
    - CocoaLumberjack/Default (= 3.3.0)
    - CocoaLumberjack/Extensions (= 3.3.0)
  - CocoaLumberjack/Default (3.3.0)
  - CocoaLumberjack/Extensions (3.3.0):
    - CocoaLumberjack/Default
  - CPAProxy (1.2.0):
    - CocoaAsyncSocket
  - HexColors (2.3.0)
  - PopoverView (0.0.2)
  - Protobuf (3.1.0)
  - ProxyKit/Client (1.2.0):
    - ProxyKit/common
  - ProxyKit/common (1.2.0):
    - CocoaAsyncSocket (~> 7.6)
    - CocoaLumberjack
  - SQLCipher (3.4.1):
    - SQLCipher/standard (= 3.4.1)
  - SQLCipher/common (3.4.1)
  - SQLCipher/standard (3.4.1):
    - SQLCipher/common
  - TSMessages (0.9.13):
    - HexColors (~> 2.3.0)
  - YapDatabase/SQLCipher (3.0.2):
    - YapDatabase/SQLCipher/Core (= 3.0.2)
    - YapDatabase/SQLCipher/Extensions (= 3.0.2)
  - YapDatabase/SQLCipher/Core (3.0.2):
    - CocoaLumberjack
    - SQLCipher (>= 3.4.0)
  - YapDatabase/SQLCipher/Extensions (3.0.2):
    - YapDatabase/SQLCipher/Core
    - YapDatabase/SQLCipher/Extensions/ActionManager (= 3.0.2)
    - YapDatabase/SQLCipher/Extensions/AutoView (= 3.0.2)
    - YapDatabase/SQLCipher/Extensions/CloudCore (= 3.0.2)
    - YapDatabase/SQLCipher/Extensions/CloudKit (= 3.0.2)
    - YapDatabase/SQLCipher/Extensions/ConnectionProxy (= 3.0.2)
    - YapDatabase/SQLCipher/Extensions/CrossProcessNotification (= 3.0.2)
    - YapDatabase/SQLCipher/Extensions/FilteredView (= 3.0.2)
    - YapDatabase/SQLCipher/Extensions/FullTextSearch (= 3.0.2)
    - YapDatabase/SQLCipher/Extensions/Hooks (= 3.0.2)
    - YapDatabase/SQLCipher/Extensions/ManualView (= 3.0.2)
    - YapDatabase/SQLCipher/Extensions/Relationships (= 3.0.2)
    - YapDatabase/SQLCipher/Extensions/RTreeIndex (= 3.0.2)
    - YapDatabase/SQLCipher/Extensions/SearchResultsView (= 3.0.2)
    - YapDatabase/SQLCipher/Extensions/SecondaryIndex (= 3.0.2)
    - YapDatabase/SQLCipher/Extensions/View (= 3.0.2)
  - YapDatabase/SQLCipher/Extensions/ActionManager (3.0.2):
    - YapDatabase/SQLCipher/Core
    - YapDatabase/SQLCipher/Extensions/AutoView
  - YapDatabase/SQLCipher/Extensions/AutoView (3.0.2):
    - YapDatabase/SQLCipher/Core
    - YapDatabase/SQLCipher/Extensions/View
  - YapDatabase/SQLCipher/Extensions/CloudCore (3.0.2):
    - YapDatabase/SQLCipher/Core
  - YapDatabase/SQLCipher/Extensions/CloudKit (3.0.2):
    - YapDatabase/SQLCipher/Core
  - YapDatabase/SQLCipher/Extensions/ConnectionProxy (3.0.2):
    - YapDatabase/SQLCipher/Core
  - YapDatabase/SQLCipher/Extensions/CrossProcessNotification (3.0.2):
    - YapDatabase/SQLCipher/Core
  - YapDatabase/SQLCipher/Extensions/FilteredView (3.0.2):
    - YapDatabase/SQLCipher/Core
    - YapDatabase/SQLCipher/Extensions/View
  - YapDatabase/SQLCipher/Extensions/FullTextSearch (3.0.2):
    - YapDatabase/SQLCipher/Core
  - YapDatabase/SQLCipher/Extensions/Hooks (3.0.2):
    - YapDatabase/SQLCipher/Core
  - YapDatabase/SQLCipher/Extensions/ManualView (3.0.2):
    - YapDatabase/SQLCipher/Core
    - YapDatabase/SQLCipher/Extensions/View
  - YapDatabase/SQLCipher/Extensions/Relationships (3.0.2):
    - YapDatabase/SQLCipher/Core
  - YapDatabase/SQLCipher/Extensions/RTreeIndex (3.0.2):
    - YapDatabase/SQLCipher/Core
  - YapDatabase/SQLCipher/Extensions/SearchResultsView (3.0.2):
    - YapDatabase/SQLCipher/Core
    - YapDatabase/SQLCipher/Extensions/AutoView
    - YapDatabase/SQLCipher/Extensions/FullTextSearch
  - YapDatabase/SQLCipher/Extensions/SecondaryIndex (3.0.2):
    - YapDatabase/SQLCipher/Core
  - YapDatabase/SQLCipher/Extensions/View (3.0.2):
    - YapDatabase/SQLCipher/Core

DEPENDENCIES:
  - CPAProxy (from `https://github.com/rainwolf/CPAProxy.git`)
  - PopoverView
  - Protobuf (= 3.1.0)
  - ProxyKit/Client (from `https://github.com/rainwolf/ProxyKit.git`)
  - TSMessages (from `https://github.com/rainwolf/TSMessages.git`)
  - YapDatabase/SQLCipher

EXTERNAL SOURCES:
  CPAProxy:
    :git: https://github.com/rainwolf/CPAProxy.git
  ProxyKit:
    :git: https://github.com/rainwolf/ProxyKit.git
  TSMessages:
    :git: https://github.com/rainwolf/TSMessages.git

CHECKOUT OPTIONS:
  CPAProxy:
    :commit: 15aec22d1bae60a5eba666a67124f31fa21dc6ce
    :git: https://github.com/rainwolf/CPAProxy.git
  ProxyKit:
    :commit: c3ca05f604cd0a57c1124dcdb2860d4412348f35
    :git: https://github.com/rainwolf/ProxyKit.git
  TSMessages:
    :commit: 6ecb24ffdaf4b3019e2818e95075315cf40d2bf1
    :git: https://github.com/rainwolf/TSMessages.git

SPEC CHECKSUMS:
  CocoaAsyncSocket: 7eadd3f59e1a6c84e2aefc93e9ff7b55156fe174
  CocoaLumberjack: 3c8c74683302f9012bb168e1c4b7ae3c0b558431
  CPAProxy: b1b33221b6ad297169cb813b6bbefd2a69ea9aad
  HexColors: 6ad3947c3447a055a3aa8efa859def096351fe5f
  PopoverView: 62e83ffda75944d6cf2de9c6593489f3097dc1a3
  Protobuf: 265e9977d04a83eba9cefb0bed3ad07e41033b4a
  ProxyKit: ae9ed36909d0e68b27087eb3ed5aa35c86f8bff0
  SQLCipher: 43d12c0eb9c57fb438749618fc3ce0065509a559
  TSMessages: 6e403b790139636c15ab4f51946537095e03e79c
  YapDatabase: 299a32de9d350d37a9ac5b0532609d87d5d2a5de

PODFILE CHECKSUM: cda46d54ba72ad1034e85ac08136bdfadd8bc973

COCOAPODS: 1.1.1
